
Microsoft Visual Studio Solution File, Format Version 12.00
# Visual Studio Version 17
VisualStudioVersion = 17.14.36705.20 d17.14
MinimumVisualStudioVersion = 10.0.40219.1
Project("{FAE04EC0-301F-11D3-BF4B-00C04F79EFBC}") = "ProjectPre1", "ProjectPre1\ProjectPre1.csproj", "{8BF3CB58-FBEE-4461-AEB2-3D84528B3F01}"
EndProject
Global
	GlobalSection(SolutionConfigurationPlatforms) = preSolution
		Debug|Any CPU = Debug|Any CPU
		Release|Any CPU = Release|Any CPU
	EndGlobalSection
	GlobalSection(ProjectConfigurationPlatforms) = postSolution
		{8BF3CB58-FBEE-4461-AEB2-3D84528B3F01}.Debug|Any CPU.ActiveCfg = Debug|Any CPU
		{8BF3CB58-FBEE-4461-AEB2-3D84528B3F01}.Debug|Any CPU.Build.0 = Debug|Any CPU
		{8BF3CB58-FBEE-4461-AEB2-3D84528B3F01}.Release|Any CPU.ActiveCfg = Release|Any CPU
		{8BF3CB58-FBEE-4461-AEB2-3D84528B3F01}.Release|Any CPU.Build.0 = Release|Any CPU
	EndGlobalSection
	GlobalSection(SolutionProperties) = preSolution
		HideSolutionNode = FALSE
	EndGlobalSection
	GlobalSection(ExtensibilityGlobals) = postSolution
		SolutionGuid = {61AA00B6-51D8-494E-A4BB-84A640A87BD9}
	EndGlobalSection
EndGlobal
